// !$*UTF8*$!
{
	archiveVersion = 1;
	classes = {
	};
	objectVersion = 46;
	objects = {

/* Begin PBXBuildFile section */
		95975EE71EAF49C30035EF66 /* BLEManager.swift in Sources */ = {isa = PBXBuildFile; fileRef = 95975EE61EAF49C30035EF66 /* BLEManager.swift */; };
		95F1C59E1EA56F0D003DD867 /* AppDelegate.swift in Sources */ = {isa = PBXBuildFile; fileRef = 95F1C59D1EA56F0D003DD867 /* AppDelegate.swift */; };
		95F1C5A01EA56F0D003DD867 /* ViewController.swift in Sources */ = {isa = PBXBuildFile; fileRef = 95F1C59F1EA56F0D003DD867 /* ViewController.swift */; };
		95F1C5A31EA56F0D003DD867 /* Main.storyboard in Resources */ = {isa = PBXBuildFile; fileRef = 95F1C5A11EA56F0D003DD867 /* Main.storyboard */; };
		95F1C5A51EA56F0D003DD867 /* Assets.xcassets in Resources */ = {isa = PBXBuildFile; fileRef = 95F1C5A41EA56F0D003DD867 /* Assets.xcassets */; };
		95F1C5A81EA56F0D003DD867 /* LaunchScreen.storyboard in Resources */ = {isa = PBXBuildFile; fileRef = 95F1C5A61EA56F0D003DD867 /* LaunchScreen.storyboard */; };
		95F1C5B31EA56F0D003DD867 /* finalproject372Tests.swift in Sources */ = {isa = PBXBuildFile; fileRef = 95F1C5B21EA56F0D003DD867 /* finalproject372Tests.swift */; };
		95F1C5BE1EA56F0D003DD867 /* finalproject372UITests.swift in Sources */ = {isa = PBXBuildFile; fileRef = 95F1C5BD1EA56F0D003DD867 /* finalproject372UITests.swift */; };
		95F1C5CC1EA57D62003DD867 /* plant-512.png in Resources */ = {isa = PBXBuildFile; fileRef = 95F1C5CB1EA57D62003DD867 /* plant-512.png */; };
/* End PBXBuildFile section */

/* Begin PBXContainerItemProxy section */
		95F1C5AF1EA56F0D003DD867 /* PBXContainerItemProxy */ = {
			isa = PBXContainerItemProxy;
			containerPortal = 95F1C5921EA56F0D003DD867 /* Project object */;
			proxyType = 1;
			remoteGlobalIDString = 95F1C5991EA56F0D003DD867;
			remoteInfo = finalproject372;
		};
		95F1C5BA1EA56F0D003DD867 /* PBXContainerItemProxy */ = {
			isa = PBXContainerItemProxy;
			containerPortal = 95F1C5921EA56F0D003DD867 /* Project object */;
			proxyType = 1;
			remoteGlobalIDString = 95F1C5991EA56F0D003DD867;
			remoteInfo = finalproject372;
		};
/* End PBXContainerItemProxy section */

/* Begin PBXFileReference section */
		95975EE61EAF49C30035EF66 /* BLEManager.swift */ = {isa = PBXFileReference; fileEncoding = 4; lastKnownFileType = sourcecode.swift; name = BLEManager.swift; path = "../../../Downloads/DABLETemperatureSensor-master 2/DABLETemperatureSensor/BLEManager.swift"; sourceTree = "<group>"; };
		95F1C59A1EA56F0D003DD867 /* finalproject372.app */ = {isa = PBXFileReference; explicitFileType = wrapper.application; includeInIndex = 0; path = finalproject372.app; sourceTree = BUILT_PRODUCTS_DIR; };
		95F1C59D1EA56F0D003DD867 /* AppDelegate.swift */ = {isa = PBXFileReference; lastKnownFileType = sourcecode.swift; path = AppDelegate.swift; sourceTree = "<group>"; };
		95F1C59F1EA56F0D003DD867 /* ViewController.swift */ = {isa = PBXFileReference; lastKnownFileType = sourcecode.swift; path = ViewController.swift; sourceTree = "<group>"; };
		95F1C5A21EA56F0D003DD867 /* Base */ = {isa = PBXFileReference; lastKnownFileType = file.storyboard; name = Base; path = Base.lproj/Main.storyboard; sourceTree = "<group>"; };
		95F1C5A41EA56F0D003DD867 /* Assets.xcassets */ = {isa = PBXFileReference; lastKnownFileType = folder.assetcatalog; path = Assets.xcassets; sourceTree = "<group>"; };
		95F1C5A71EA56F0D003DD867 /* Base */ = {isa = PBXFileReference; lastKnownFileType = file.storyboard; name = Base; path = Base.lproj/LaunchScreen.storyboard; sourceTree = "<group>"; };
		95F1C5A91EA56F0D003DD867 /* Info.plist */ = {isa = PBXFileReference; lastKnownFileType = text.plist.xml; path = Info.plist; sourceTree = "<group>"; };
		95F1C5AE1EA56F0D003DD867 /* finalproject372Tests.xctest */ = {isa = PBXFileReference; explicitFileType = wrapper.cfbundle; includeInIndex = 0; path = finalproject372Tests.xctest; sourceTree = BUILT_PRODUCTS_DIR; };
		95F1C5B21EA56F0D003DD867 /* finalproject372Tests.swift */ = {isa = PBXFileReference; lastKnownFileType = sourcecode.swift; path = finalproject372Tests.swift; sourceTree = "<group>"; };
		95F1C5B41EA56F0D003DD867 /* Info.plist */ = {isa = PBXFileReference; lastKnownFileType = text.plist.xml; path = Info.plist; sourceTree = "<group>"; };
		95F1C5B91EA56F0D003DD867 /* finalproject372UITests.xctest */ = {isa = PBXFileReference; explicitFileType = wrapper.cfbundle; includeInIndex = 0; path = finalproject372UITests.xctest; sourceTree = BUILT_PRODUCTS_DIR; };
		95F1C5BD1EA56F0D003DD867 /* finalproject372UITests.swift */ = {isa = PBXFileReference; lastKnownFileType = sourcecode.swift; path = finalproject372UITests.swift; sourceTree = "<group>"; };
		95F1C5BF1EA56F0D003DD867 /* Info.plist */ = {isa = PBXFileReference; lastKnownFileType = text.plist.xml; path = Info.plist; sourceTree = "<group>"; };
		95F1C5CB1EA57D62003DD867 /* plant-512.png */ = {isa = PBXFileReference; lastKnownFileType = image.png; name = "plant-512.png"; path = "../../../Downloads/plant-512.png"; sourceTree = "<group>"; };
/* End PBXFileReference section */

/* Begin PBXFrameworksBuildPhase section */
		95F1C5971EA56F0D003DD867 /* Frameworks */ = {
			isa = PBXFrameworksBuildPhase;
			buildActionMask = 2147483647;
			files = (
			);
			runOnlyForDeploymentPostprocessing = 0;
		};
		95F1C5AB1EA56F0D003DD867 /* Frameworks */ = {
			isa = PBXFrameworksBuildPhase;
			buildActionMask = 2147483647;
			files = (
			);
			runOnlyForDeploymentPostprocessing = 0;
		};
		95F1C5B61EA56F0D003DD867 /* Frameworks */ = {
			isa = PBXFrameworksBuildPhase;
			buildActionMask = 2147483647;
			files = (
			);
			runOnlyForDeploymentPostprocessing = 0;
		};
/* End PBXFrameworksBuildPhase section */

/* Begin PBXGroup section */
		95F1C5911EA56F0D003DD867 = {
			isa = PBXGroup;
			children = (
				95F1C59C1EA56F0D003DD867 /* finalproject372 */,
				95F1C5B11EA56F0D003DD867 /* finalproject372Tests */,
				95F1C5BC1EA56F0D003DD867 /* finalproject372UITests */,
				95F1C59B1EA56F0D003DD867 /* Products */,
			);
			sourceTree = "<group>";
		};
		95F1C59B1EA56F0D003DD867 /* Products */ = {
			isa = PBXGroup;
			children = (
				95F1C59A1EA56F0D003DD867 /* finalproject372.app */,
				95F1C5AE1EA56F0D003DD867 /* finalproject372Tests.xctest */,
				95F1C5B91EA56F0D003DD867 /* finalproject372UITests.xctest */,
			);
			name = Products;
			sourceTree = "<group>";
		};
		95F1C59C1EA56F0D003DD867 /* finalproject372 */ = {
			isa = PBXGroup;
			children = (
				95F1C5CB1EA57D62003DD867 /* plant-512.png */,
				95F1C59D1EA56F0D003DD867 /* AppDelegate.swift */,
				95F1C59F1EA56F0D003DD867 /* ViewController.swift */,
				95F1C5A11EA56F0D003DD867 /* Main.storyboard */,
				95F1C5A41EA56F0D003DD867 /* Assets.xcassets */,
				95F1C5A61EA56F0D003DD867 /* LaunchScreen.storyboard */,
				95F1C5A91EA56F0D003DD867 /* Info.plist */,
				95975EE61EAF49C30035EF66 /* BLEManager.swift */,
			);
			path = finalproject372;
			sourceTree = "<group>";
		};
		95F1C5B11EA56F0D003DD867 /* finalproject372Tests */ = {
			isa = PBXGroup;
			children = (
				95F1C5B21EA56F0D003DD867 /* finalproject372Tests.swift */,
				95F1C5B41EA56F0D003DD867 /* Info.plist */,
			);
			path = finalproject372Tests;
			sourceTree = "<group>";
		};
		95F1C5BC1EA56F0D003DD867 /* finalproject372UITests */ = {
			isa = PBXGroup;
			children = (
				95F1C5BD1EA56F0D003DD867 /* finalproject372UITests.swift */,
				95F1C5BF1EA56F0D003DD867 /* Info.plist */,
			);
			path = finalproject372UITests;
			sourceTree = "<group>";
		};
/* End PBXGroup section */

/* Begin PBXNativeTarget section */
		95F1C5991EA56F0D003DD867 /* finalproject372 */ = {
			isa = PBXNativeTarget;
			buildConfigurationList = 95F1C5C21EA56F0D003DD867 /* Build configuration list for PBXNativeTarget "finalproject372" */;
			buildPhases = (
				95F1C5961EA56F0D003DD867 /* Sources */,
				95F1C5971EA56F0D003DD867 /* Frameworks */,
				95F1C5981EA56F0D003DD867 /* Resources */,
			);
			buildRules = (
			);
			dependencies = (
			);
			name = finalproject372;
			productName = finalproject372;
			productReference = 95F1C59A1EA56F0D003DD867 /* finalproject372.app */;
			productType = "com.apple.product-type.application";
		};
		95F1C5AD1EA56F0D003DD867 /* finalproject372Tests */ = {
			isa = PBXNativeTarget;
			buildConfigurationList = 95F1C5C51EA56F0D003DD867 /* Build configuration list for PBXNativeTarget "finalproject372Tests" */;
			buildPhases = (
				95F1C5AA1EA56F0D003DD867 /* Sources */,
				95F1C5AB1EA56F0D003DD867 /* Frameworks */,
				95F1C5AC1EA56F0D003DD867 /* Resources */,
			);
			buildRules = (
			);
			dependencies = (
				95F1C5B01EA56F0D003DD867 /* PBXTargetDependency */,
			);
			name = finalproject372Tests;
			productName = finalproject372Tests;
			productReference = 95F1C5AE1EA56F0D003DD867 /* finalproject372Tests.xctest */;
			productType = "com.apple.product-type.bundle.unit-test";
		};
		95F1C5B81EA56F0D003DD867 /* finalproject372UITests */ = {
			isa = PBXNativeTarget;
			buildConfigurationList = 95F1C5C81EA56F0D003DD867 /* Build configuration list for PBXNativeTarget "finalproject372UITests" */;
			buildPhases = (
				95F1C5B51EA56F0D003DD867 /* Sources */,
				95F1C5B61EA56F0D003DD867 /* Frameworks */,
				95F1C5B71EA56F0D003DD867 /* Resources */,
			);
			buildRules = (
			);
			dependencies = (
				95F1C5BB1EA56F0D003DD867 /* PBXTargetDependency */,
			);
			name = finalproject372UITests;
			productName = finalproject372UITests;
			productReference = 95F1C5B91EA56F0D003DD867 /* finalproject372UITests.xctest */;
			productType = "com.apple.product-type.bundle.ui-testing";
		};
/* End PBXNativeTarget section */

/* Begin PBXProject section */
		95F1C5921EA56F0D003DD867 /* Project object */ = {
			isa = PBXProject;
			attributes = {
				LastSwiftUpdateCheck = 0830;
				LastUpgradeCheck = 0830;
				ORGANIZATIONNAME = "Ryan Nyborg";
				TargetAttributes = {
					95F1C5991EA56F0D003DD867 = {
						CreatedOnToolsVersion = 8.3.1;
						DevelopmentTeam = 73SXRL6CAS;
						ProvisioningStyle = Automatic;
						SystemCapabilities = {
							com.apple.BackgroundModes = {
								enabled = 1;
							};
						};
					};
					95F1C5AD1EA56F0D003DD867 = {
						CreatedOnToolsVersion = 8.3.1;
						DevelopmentTeam = 73SXRL6CAS;
						ProvisioningStyle = Automatic;
						TestTargetID = 95F1C5991EA56F0D003DD867;
					};
					95F1C5B81EA56F0D003DD867 = {
						CreatedOnToolsVersion = 8.3.1;
						DevelopmentTeam = 73SXRL6CAS;
						ProvisioningStyle = Automatic;
						TestTargetID = 95F1C5991EA56F0D003DD867;
					};
				};
			};
			buildConfigurationList = 95F1C5951EA56F0D003DD867 /* Build configuration list for PBXProject "finalproject372" */;
			compatibilityVersion = "Xcode 3.2";
			developmentRegion = English;
			hasScannedForEncodings = 0;
			knownRegions = (
				en,
				Base,
			);
			mainGroup = 95F1C5911EA56F0D003DD867;
			productRefGroup = 95F1C59B1EA56F0D003DD867 /* Products */;
			projectDirPath = "";
			projectRoot = "";
			targets = (
				95F1C5991EA56F0D003DD867 /* finalproject372 */,
				95F1C5AD1EA56F0D003DD867 /* finalproject372Tests */,
				95F1C5B81EA56F0D003DD867 /* finalproject372UITests */,
			);
		};
/* End PBXProject section */

/* Begin PBXResourcesBuildPhase section */
		95F1C5981EA56F0D003DD867 /* Resources */ = {
			isa = PBXResourcesBuildPhase;
			buildActionMask = 2147483647;
			files = (
				95F1C5CC1EA57D62003DD867 /* plant-512.png in Resources */,
				95F1C5A81EA56F0D003DD867 /* LaunchScreen.storyboard in Resources */,
				95F1C5A51EA56F0D003DD867 /* Assets.xcassets in Resources */,
				95F1C5A31EA56F0D003DD867 /* Main.storyboard in Resources */,
			);
			runOnlyForDeploymentPostprocessing = 0;
		};
		95F1C5AC1EA56F0D003DD867 /* Resources */ = {
			isa = PBXResourcesBuildPhase;
			buildActionMask = 2147483647;
			files = (
			);
			runOnlyForDeploymentPostprocessing = 0;
		};
		95F1C5B71EA56F0D003DD867 /* Resources */ = {
			isa = PBXResourcesBuildPhase;
			buildActionMask = 2147483647;
			files = (
			);
			runOnlyForDeploymentPostprocessing = 0;
		};
/* End PBXResourcesBuildPhase section */

/* Begin PBXSourcesBuildPhase section */
		95F1C5961EA56F0D003DD867 /* Sources */ = {
			isa = PBXSourcesBuildPhase;
			buildActionMask = 2147483647;
			files = (
				95F1C5A01EA56F0D003DD867 /* ViewController.swift in Sources */,
				95975EE71EAF49C30035EF66 /* BLEManager.swift in Sources */,
				95F1C59E1EA56F0D003DD867 /* AppDelegate.swift in Sources */,
			);
			runOnlyForDeploymentPostprocessing = 0;
		};
		95F1C5AA1EA56F0D003DD867 /* Sources */ = {
			isa = PBXSourcesBuildPhase;
			buildActionMask = 2147483647;
			files = (
				95F1C5B31EA56F0D003DD867 /* finalproject372Tests.swift in Sources */,
			);
			runOnlyForDeploymentPostprocessing = 0;
		};
		95F1C5B51EA56F0D003DD867 /* Sources */ = {
			isa = PBXSourcesBuildPhase;
			buildActionMask = 2147483647;
			files = (
				95F1C5BE1EA56F0D003DD867 /* finalproject372UITests.swift in Sources */,
			);
			runOnlyForDeploymentPostprocessing = 0;
		};
/* End PBXSourcesBuildPhase section */

/* Begin PBXTargetDependency section */
		95F1C5B01EA56F0D003DD867 /* PBXTargetDependency */ = {
			isa = PBXTargetDependency;
			target = 95F1C5991EA56F0D003DD867 /* finalproject372 */;
			targetProxy = 95F1C5AF1EA56F0D003DD867 /* PBXContainerItemProxy */;
		};
		95F1C5BB1EA56F0D003DD867 /* PBXTargetDependency */ = {
			isa = PBXTargetDependency;
			target = 95F1C5991EA56F0D003DD867 /* finalproject372 */;
			targetProxy = 95F1C5BA1EA56F0D003DD867 /* PBXContainerItemProxy */;
		};
/* End PBXTargetDependency section */

/* Begin PBXVariantGroup section */
		95F1C5A11EA56F0D003DD867 /* Main.storyboard */ = {
			isa = PBXVariantGroup;
			children = (
				95F1C5A21EA56F0D003DD867 /* Base */,
			);
			name = Main.storyboard;
			sourceTree = "<group>";
		};
		95F1C5A61EA56F0D003DD867 /* LaunchScreen.storyboard */ = {
			isa = PBXVariantGroup;
			children = (
				95F1C5A71EA56F0D003DD867 /* Base */,
			);
			name = LaunchScreen.storyboard;
			sourceTree = "<group>";
		};
/* End PBXVariantGroup section */

/* Begin XCBuildConfiguration section */
		95F1C5C01EA56F0D003DD867 /* Debug */ = {
			isa = XCBuildConfiguration;
			buildSettings = {
				ALWAYS_SEARCH_USER_PATHS = NO;
				CLANG_ANALYZER_NONNULL = YES;
				CLANG_ANALYZER_NUMBER_OBJECT_CONVERSION = YES_AGGRESSIVE;
				CLANG_CXX_LANGUAGE_STANDARD = "gnu++0x";
				CLANG_CXX_LIBRARY = "libc++";
				CLANG_ENABLE_MODULES = YES;
				CLANG_ENABLE_OBJC_ARC = YES;
				CLANG_WARN_BOOL_CONVERSION = YES;
				CLANG_WARN_CONSTANT_CONVERSION = YES;
				CLANG_WARN_DIRECT_OBJC_ISA_USAGE = YES_ERROR;
				CLANG_WARN_DOCUMENTATION_COMMENTS = YES;
				CLANG_WARN_EMPTY_BODY = YES;
				CLANG_WARN_ENUM_CONVERSION = YES;
				CLANG_WARN_INFINITE_RECURSION = YES;
				CLANG_WARN_INT_CONVERSION = YES;
				CLANG_WARN_OBJC_ROOT_CLASS = YES_ERROR;
				CLANG_WARN_SUSPICIOUS_MOVE = YES;
				CLANG_WARN_UNREACHABLE_CODE = YES;
				CLANG_WARN__DUPLICATE_METHOD_MATCH = YES;
				"CODE_SIGN_IDENTITY[sdk=iphoneos*]" = "iPhone Developer";
				COPY_PHASE_STRIP = NO;
				DEBUG_INFORMATION_FORMAT = dwarf;
				ENABLE_STRICT_OBJC_MSGSEND = YES;
				ENABLE_TESTABILITY = YES;
				GCC_C_LANGUAGE_STANDARD = gnu99;
				GCC_DYNAMIC_NO_PIC = NO;
				GCC_NO_COMMON_BLOCKS = YES;
				GCC_OPTIMIZATION_LEVEL = 0;
				GCC_PREPROCESSOR_DEFINITIONS = (
					"DEBUG=1",
					"$(inherited)",
				);
				GCC_WARN_64_TO_32_BIT_CONVERSION = YES;
				GCC_WARN_ABOUT_RETURN_TYPE = YES_ERROR;
				GCC_WARN_UNDECLARED_SELECTOR = YES;
				GCC_WARN_UNINITIALIZED_AUTOS = YES_AGGRESSIVE;
				GCC_WARN_UNUSED_FUNCTION = YES;
				GCC_WARN_UNUSED_VARIABLE = YES;
				IPHONEOS_DEPLOYMENT_TARGET = 10.3;
				MTL_ENABLE_DEBUG_INFO = YES;
				ONLY_ACTIVE_ARCH = YES;
				SDKROOT = iphoneos;
				SWIFT_ACTIVE_COMPILATION_CONDITIONS = DEBUG;
				SWIFT_OPTIMIZATION_LEVEL = "-Onone";
				TARGETED_DEVICE_FAMILY = "1,2";
			};
			name = Debug;
		};
		95F1C5C11EA56F0D003DD867 /* Release */ = {
			isa = XCBuildConfiguration;
			buildSettings = {
				ALWAYS_SEARCH_USER_PATHS = NO;
				CLANG_ANALYZER_NONNULL = YES;
				CLANG_ANALYZER_NUMBER_OBJECT_CONVERSION = YES_AGGRESSIVE;
				CLANG_CXX_LANGUAGE_STANDARD = "gnu++0x";
				CLANG_CXX_LIBRARY = "libc++";
				CLANG_ENABLE_MODULES = YES;
				CLANG_ENABLE_OBJC_ARC = YES;
				CLANG_WARN_BOOL_CONVERSION = YES;
				CLANG_WARN_CONSTANT_CONVERSION = YES;
				CLANG_WARN_DIRECT_OBJC_ISA_USAGE = YES_ERROR;
				CLANG_WARN_DOCUMENTATION_COMMENTS = YES;
				CLANG_WARN_EMPTY_BODY = YES;
				CLANG_WARN_ENUM_CONVERSION = YES;
				CLANG_WARN_INFINITE_RECURSION = YES;
				CLANG_WARN_INT_CONVERSION = YES;
				CLANG_WARN_OBJC_ROOT_CLASS = YES_ERROR;
				CLANG_WARN_SUSPICIOUS_MOVE = YES;
				CLANG_WARN_UNREACHABLE_CODE = YES;
				CLANG_WARN__DUPLICATE_METHOD_MATCH = YES;
				"CODE_SIGN_IDENTITY[sdk=iphoneos*]" = "iPhone Developer";
				COPY_PHASE_STRIP = NO;
				DEBUG_INFORMATION_FORMAT = "dwarf-with-dsym";
				ENABLE_NS_ASSERTIONS = NO;
				ENABLE_STRICT_OBJC_MSGSEND = YES;
				GCC_C_LANGUAGE_STANDARD = gnu99;
				GCC_NO_COMMON_BLOCKS = YES;
				GCC_WARN_64_TO_32_BIT_CONVERSION = YES;
				GCC_WARN_ABOUT_RETURN_TYPE = YES_ERROR;
				GCC_WARN_UNDECLARED_SELECTOR = YES;
				GCC_WARN_UNINITIALIZED_AUTOS = YES_AGGRESSIVE;
				GCC_WARN_UNUSED_FUNCTION = YES;
				GCC_WARN_UNUSED_VARIABLE = YES;
				IPHONEOS_DEPLOYMENT_TARGET = 10.3;
				MTL_ENABLE_DEBUG_INFO = NO;
				SDKROOT = iphoneos;
				SWIFT_OPTIMIZATION_LEVEL = "-Owholemodule";
				TARGETED_DEVICE_FAMILY = "1,2";
				VALIDATE_PRODUCT = YES;
			};
			name = Release;
		};
		95F1C5C31EA56F0D003DD867 /* Debug */ = {
			isa = XCBuildConfiguration;
			buildSettings = {
				ASSETCATALOG_COMPILER_APPICON_NAME = AppIcon;
				DEVELOPMENT_TEAM = 73SXRL6CAS;
				INFOPLIST_FILE = finalproject372/Info.plist;
				LD_RUNPATH_SEARCH_PATHS = "$(inherited) @executable_path/Frameworks";
				PRODUCT_BUNDLE_IDENTIFIER = ryannyborg.finalproject372;
				PRODUCT_NAME = "$(TARGET_NAME)";
				SWIFT_VERSION = 3.0;
			};
			name = Debug;
		};
		95F1C5C41EA56F0D003DD867 /* Release */ = {
			isa = XCBuildConfiguration;
			buildSettings = {
				ASSETCATALOG_COMPILER_APPICON_NAME = AppIcon;
				DEVELOPMENT_TEAM = 73SXRL6CAS;
				INFOPLIST_FILE = finalproject372/Info.plist;
				LD_RUNPATH_SEARCH_PATHS = "$(inherited) @executable_path/Frameworks";
				PRODUCT_BUNDLE_IDENTIFIER = ryannyborg.finalproject372;
				PRODUCT_NAME = "$(TARGET_NAME)";
				SWIFT_VERSION = 3.0;
			};
			name = Release;
		};
		95F1C5C61EA56F0D003DD867 /* Debug */ = {
			isa = XCBuildConfiguration;
			buildSettings = {
				ALWAYS_EMBED_SWIFT_STANDARD_LIBRARIES = YES;
				BUNDLE_LOADER = "$(TEST_HOST)";
				DEVELOPMENT_TEAM = 73SXRL6CAS;
				INFOPLIST_FILE = finalproject372Tests/Info.plist;
				LD_RUNPATH_SEARCH_PATHS = "$(inherited) @executable_path/Frameworks @loader_path/Frameworks";
				PRODUCT_BUNDLE_IDENTIFIER = ryannyborg.finalproject372Tests;
				PRODUCT_NAME = "$(TARGET_NAME)";
				SWIFT_VERSION = 3.0;
				TEST_HOST = "$(BUILT_PRODUCTS_DIR)/finalproject372.app/finalproject372";
			};
			name = Debug;
		};
		95F1C5C71EA56F0D003DD867 /* Release */ = {
			isa = XCBuildConfiguration;
			buildSettings = {
				ALWAYS_EMBED_SWIFT_STANDARD_LIBRARIES = YES;
				BUNDLE_LOADER = "$(TEST_HOST)";
				DEVELOPMENT_TEAM = 73SXRL6CAS;
				INFOPLIST_FILE = finalproject372Tests/Info.plist;
				LD_RUNPATH_SEARCH_PATHS = "$(inherited) @executable_path/Frameworks @loader_path/Frameworks";
				PRODUCT_BUNDLE_IDENTIFIER = ryannyborg.finalproject372Tests;
				PRODUCT_NAME = "$(TARGET_NAME)";
				SWIFT_VERSION = 3.0;
				TEST_HOST = "$(BUILT_PRODUCTS_DIR)/finalproject372.app/finalproject372";
			};
			name = Release;
		};
		95F1C5C91EA56F0D003DD867 /* Debug */ = {
			isa = XCBuildConfiguration;
			buildSettings = {
				ALWAYS_EMBED_SWIFT_STANDARD_LIBRARIES = YES;
				DEVELOPMENT_TEAM = 73SXRL6CAS;
				INFOPLIST_FILE = finalproject372UITests/Info.plist;
				LD_RUNPATH_SEARCH_PATHS = "$(inherited) @executable_path/Frameworks @loader_path/Frameworks";
				PRODUCT_BUNDLE_IDENTIFIER = ryannyborg.finalproject372UITests;
				PRODUCT_NAME = "$(TARGET_NAME)";
				SWIFT_VERSION = 3.0;
				TEST_TARGET_NAME = finalproject372;
			};
			name = Debug;
		};
		95F1C5CA1EA56F0D003DD867 /* Release */ = {
			isa = XCBuildConfiguration;
			buildSettings = {
				ALWAYS_EMBED_SWIFT_STANDARD_LIBRARIES = YES;
				DEVELOPMENT_TEAM = 73SXRL6CAS;
				INFOPLIST_FILE = finalproject372UITests/Info.plist;
				LD_RUNPATH_SEARCH_PATHS = "$(inherited) @executable_path/Frameworks @loader_path/Frameworks";
				PRODUCT_BUNDLE_IDENTIFIER = ryannyborg.finalproject372UITests;
				PRODUCT_NAME = "$(TARGET_NAME)";
				SWIFT_VERSION = 3.0;
				TEST_TARGET_NAME = finalproject372;
			};
			name = Release;
		};
/* End XCBuildConfiguration section */

/* Begin XCConfigurationList section */
		95F1C5951EA56F0D003DD867 /* Build configuration list for PBXProject "finalproject372" */ = {
			isa = XCConfigurationList;
			buildConfigurations = (
				95F1C5C01EA56F0D003DD867 /* Debug */,
				95F1C5C11EA56F0D003DD867 /* Release */,
			);
			defaultConfigurationIsVisible = 0;
			defaultConfigurationName = Release;
		};
		95F1C5C21EA56F0D003DD867 /* Build configuration list for PBXNativeTarget "finalproject372" */ = {
			isa = XCConfigurationList;
			buildConfigurations = (
				95F1C5C31EA56F0D003DD867 /* Debug */,
				95F1C5C41EA56F0D003DD867 /* Release */,
			);
			defaultConfigurationIsVisible = 0;
			defaultConfigurationName = Release;
		};
		95F1C5C51EA56F0D003DD867 /* Build configuration list for PBXNativeTarget "finalproject372Tests" */ = {
			isa = XCConfigurationList;
			buildConfigurations = (
				95F1C5C61EA56F0D003DD867 /* Debug */,
				95F1C5C71EA56F0D003DD867 /* Release */,
			);
			defaultConfigurationIsVisible = 0;
			defaultConfigurationName = Release;
		};
		95F1C5C81EA56F0D003DD867 /* Build configuration list for PBXNativeTarget "finalproject372UITests" */ = {
			isa = XCConfigurationList;
			buildConfigurations = (
				95F1C5C91EA56F0D003DD867 /* Debug */,
				95F1C5CA1EA56F0D003DD867 /* Release */,
			);
			defaultConfigurationIsVisible = 0;
			defaultConfigurationName = Release;
		};
/* End XCConfigurationList section */
	};
	rootObject = 95F1C5921EA56F0D003DD867 /* Project object */;
}
